
Microsoft Visual Studio Solution File, Format Version 12.00
# Visual Studio 15
VisualStudioVersion = 15.0.28010.2019
MinimumVisualStudioVersion = 10.0.40219.1
Project("{FAE04EC0-301F-11D3-BF4B-00C04F79EFBC}") = "AnimalClassExercise", "AnimalClassExercise\AnimalClassExercise.csproj", "{2E4BB59A-13CA-4220-A5B7-A7177AE26C81}"
EndProject
Global
	GlobalSection(SolutionConfigurationPlatforms) = preSolution
		Debug|Any CPU = Debug|Any CPU
		Release|Any CPU = Release|Any CPU
	EndGlobalSection
	GlobalSection(ProjectConfigurationPlatforms) = postSolution
		{2E4BB59A-13CA-4220-A5B7-A7177AE26C81}.Debug|Any CPU.ActiveCfg = Debug|Any CPU
		{2E4BB59A-13CA-4220-A5B7-A7177AE26C81}.Debug|Any CPU.Build.0 = Debug|Any CPU
		{2E4BB59A-13CA-4220-A5B7-A7177AE26C81}.Release|Any CPU.ActiveCfg = Release|Any CPU
		{2E4BB59A-13CA-4220-A5B7-A7177AE26C81}.Release|Any CPU.Build.0 = Release|Any CPU
	EndGlobalSection
	GlobalSection(SolutionProperties) = preSolution
		HideSolutionNode = FALSE
	EndGlobalSection
	GlobalSection(ExtensibilityGlobals) = postSolution
		SolutionGuid = {0ECF99C5-6C07-426F-8E97-8459C0146491}
	EndGlobalSection
EndGlobal
